
Microsoft Visual Studio Solution File, Format Version 12.00
# Visual Studio 15
VisualStudioVersion = 15.0.27428.2015
MinimumVisualStudioVersion = 10.0.40219.1
Project("{9A19103F-16F7-4668-BE54-9A1E7A4F7556}") = "CES", "CES\CES.csproj", "{D7207B2A-2E31-4B2B-8F45-3165E8BE634B}"
EndProject
Project("{9A19103F-16F7-4668-BE54-9A1E7A4F7556}") = "CES.Database", "CES.Database\CES.Database.csproj", "{14A737E5-DD5F-4C55-BDA0-3B4BA5F2E642}"
EndProject
Project("{FAE04EC0-301F-11D3-BF4B-00C04F79EFBC}") = "CES.Tests", "UnitTestProject1\CES.Tests.csproj", "{C1182D94-9EA6-42F1-9811-03D9E59C195C}"
EndProject
Global
	GlobalSection(SolutionConfigurationPlatforms) = preSolution
		Debug|Any CPU = Debug|Any CPU
		Release|Any CPU = Release|Any CPU
	EndGlobalSection
	GlobalSection(ProjectConfigurationPlatforms) = postSolution
		{D7207B2A-2E31-4B2B-8F45-3165E8BE634B}.Debug|Any CPU.ActiveCfg = Debug|Any CPU
		{D7207B2A-2E31-4B2B-8F45-3165E8BE634B}.Debug|Any CPU.Build.0 = Debug|Any CPU
		{D7207B2A-2E31-4B2B-8F45-3165E8BE634B}.Release|Any CPU.ActiveCfg = Release|Any CPU
		{D7207B2A-2E31-4B2B-8F45-3165E8BE634B}.Release|Any CPU.Build.0 = Release|Any CPU
		{14A737E5-DD5F-4C55-BDA0-3B4BA5F2E642}.Debug|Any CPU.ActiveCfg = Debug|Any CPU
		{14A737E5-DD5F-4C55-BDA0-3B4BA5F2E642}.Debug|Any CPU.Build.0 = Debug|Any CPU
		{14A737E5-DD5F-4C55-BDA0-3B4BA5F2E642}.Release|Any CPU.ActiveCfg = Release|Any CPU
		{14A737E5-DD5F-4C55-BDA0-3B4BA5F2E642}.Release|Any CPU.Build.0 = Release|Any CPU
		{C1182D94-9EA6-42F1-9811-03D9E59C195C}.Debug|Any CPU.ActiveCfg = Debug|Any CPU
		{C1182D94-9EA6-42F1-9811-03D9E59C195C}.Debug|Any CPU.Build.0 = Debug|Any CPU
		{C1182D94-9EA6-42F1-9811-03D9E59C195C}.Release|Any CPU.ActiveCfg = Release|Any CPU
		{C1182D94-9EA6-42F1-9811-03D9E59C195C}.Release|Any CPU.Build.0 = Release|Any CPU
	EndGlobalSection
	GlobalSection(SolutionProperties) = preSolution
		HideSolutionNode = FALSE
	EndGlobalSection
	GlobalSection(ExtensibilityGlobals) = postSolution
		SolutionGuid = {6C58F41A-1279-4CBF-B3B0-429869F4CF28}
	EndGlobalSection
EndGlobal
